// !$*UTF8*$!
{
	archiveVersion = 1;
	classes = {
	};
	objectVersion = 50;
	objects = {

/* Begin PBXBuildFile section */
		FAC5C3FD21F261F500B3534F /* AppDelegate.swift in Sources */ = {isa = PBXBuildFile; fileRef = FAC5C3FC21F261F500B3534F /* AppDelegate.swift */; };
		FAC5C3FF21F261F500B3534F /* ViewController.swift in Sources */ = {isa = PBXBuildFile; fileRef = FAC5C3FE21F261F500B3534F /* ViewController.swift */; };
		FAC5C40221F261F500B3534F /* Main.storyboard in Resources */ = {isa = PBXBuildFile; fileRef = FAC5C40021F261F500B3534F /* Main.storyboard */; };
		FAC5C40721F261F600B3534F /* LaunchScreen.storyboard in Resources */ = {isa = PBXBuildFile; fileRef = FAC5C40521F261F600B3534F /* LaunchScreen.storyboard */; };
		FAC5C41B21F26BB700B3534F /* Assets.xcassets in Resources */ = {isa = PBXBuildFile; fileRef = FAC5C41A21F26BB700B3534F /* Assets.xcassets */; };
/* End PBXBuildFile section */

/* Begin PBXFileReference section */
		FAC5C3F921F261F500B3534F /* MyFirstARapp.app */ = {isa = PBXFileReference; explicitFileType = wrapper.application; includeInIndex = 0; path = MyFirstARapp.app; sourceTree = BUILT_PRODUCTS_DIR; };
		FAC5C3FC21F261F500B3534F /* AppDelegate.swift */ = {isa = PBXFileReference; lastKnownFileType = sourcecode.swift; path = AppDelegate.swift; sourceTree = "<group>"; };
		FAC5C3FE21F261F500B3534F /* ViewController.swift */ = {isa = PBXFileReference; lastKnownFileType = sourcecode.swift; path = ViewController.swift; sourceTree = "<group>"; };
		FAC5C40121F261F500B3534F /* Base */ = {isa = PBXFileReference; lastKnownFileType = file.storyboard; name = Base; path = Base.lproj/Main.storyboard; sourceTree = "<group>"; };
		FAC5C40621F261F600B3534F /* Base */ = {isa = PBXFileReference; lastKnownFileType = file.storyboard; name = Base; path = Base.lproj/LaunchScreen.storyboard; sourceTree = "<group>"; };
		FAC5C40821F261F600B3534F /* Info.plist */ = {isa = PBXFileReference; lastKnownFileType = text.plist.xml; path = Info.plist; sourceTree = "<group>"; };
		FAC5C41A21F26BB700B3534F /* Assets.xcassets */ = {isa = PBXFileReference; lastKnownFileType = folder.assetcatalog; path = Assets.xcassets; sourceTree = "<group>"; };
/* End PBXFileReference section */

/* Begin PBXFrameworksBuildPhase section */
		FAC5C3F621F261F500B3534F /* Frameworks */ = {
			isa = PBXFrameworksBuildPhase;
			buildActionMask = 2147483647;
			files = (
			);
			runOnlyForDeploymentPostprocessing = 0;
		};
/* End PBXFrameworksBuildPhase section */

/* Begin PBXGroup section */
		FAC5C3F021F261F500B3534F = {
			isa = PBXGroup;
			children = (
				FAC5C3FB21F261F500B3534F /* MyFirstARapp */,
				FAC5C3FA21F261F500B3534F /* Products */,
			);
			sourceTree = "<group>";
		};
		FAC5C3FA21F261F500B3534F /* Products */ = {
			isa = PBXGroup;
			children = (
				FAC5C3F921F261F500B3534F /* MyFirstARapp.app */,
			);
			name = Products;
			sourceTree = "<group>";
		};
		FAC5C3FB21F261F500B3534F /* MyFirstARapp */ = {
			isa = PBXGroup;
			children = (
				FAC5C3FC21F261F500B3534F /* AppDelegate.swift */,
				FAC5C3FE21F261F500B3534F /* ViewController.swift */,
				FAC5C40021F261F500B3534F /* Main.storyboard */,
				FAC5C41A21F26BB700B3534F /* Assets.xcassets */,
				FAC5C40521F261F600B3534F /* LaunchScreen.storyboard */,
				FAC5C40821F261F600B3534F /* Info.plist */,
			);
			path = MyFirstARapp;
			sourceTree = "<group>";
		};
/* End PBXGroup section */

/* Begin PBXNativeTarget section */
		FAC5C3F821F261F500B3534F /* MyFirstARapp */ = {
			isa = PBXNativeTarget;
			buildConfigurationList = FAC5C40B21F261F600B3534F /* Build configuration list for PBXNativeTarget "MyFirstARapp" */;
			buildPhases = (
				FAC5C3F521F261F500B3534F /* Sources */,
				FAC5C3F621F261F500B3534F /* Frameworks */,
				FAC5C3F721F261F500B3534F /* Resources */,
			);
			buildRules = (
			);
			dependencies = (
			);
			name = MyFirstARapp;
			productName = MyFirstARapp;
			productReference = FAC5C3F921F261F500B3534F /* MyFirstARapp.app */;
			productType = "com.apple.product-type.application";
		};
/* End PBXNativeTarget section */

/* Begin PBXProject section */
		FAC5C3F121F261F500B3534F /* Project object */ = {
			isa = PBXProject;
			attributes = {
				LastSwiftUpdateCheck = 1010;
				LastUpgradeCheck = 1010;
				ORGANIZATIONNAME = potato;
				TargetAttributes = {
					FAC5C3F821F261F500B3534F = {
						CreatedOnToolsVersion = 10.1;
					};
				};
			};
			buildConfigurationList = FAC5C3F421F261F500B3534F /* Build configuration list for PBXProject "MyFirstARapp" */;
			compatibilityVersion = "Xcode 9.3";
			developmentRegion = en;
			hasScannedForEncodings = 0;
			knownRegions = (
				en,
				Base,
			);
			mainGroup = FAC5C3F021F261F500B3534F;
			productRefGroup = FAC5C3FA21F261F500B3534F /* Products */;
			projectDirPath = "";
			projectRoot = "";
			targets = (
				FAC5C3F821F261F500B3534F /* MyFirstARapp */,
			);
		};
/* End PBXProject section */

/* Begin PBXResourcesBuildPhase section */
		FAC5C3F721F261F500B3534F /* Resources */ = {
			isa = PBXResourcesBuildPhase;
			buildActionMask = 2147483647;
			files = (
				FAC5C40721F261F600B3534F /* LaunchScreen.storyboard in Resources */,
				FAC5C40221F261F500B3534F /* Main.storyboard in Resources */,
				FAC5C41B21F26BB700B3534F /* Assets.xcassets in Resources */,
			);
			runOnlyForDeploymentPostprocessing = 0;
		};
/* End PBXResourcesBuildPhase section */

/* Begin PBXSourcesBuildPhase section */
		FAC5C3F521F261F500B3534F /* Sources */ = {
			isa = PBXSourcesBuildPhase;
			buildActionMask = 2147483647;
			files = (
				FAC5C3FF21F261F500B3534F /* ViewController.swift in Sources */,
				FAC5C3FD21F261F500B3534F /* AppDelegate.swift in Sources */,
			);
			runOnlyForDeploymentPostprocessing = 0;
		};
/* End PBXSourcesBuildPhase section */

/* Begin PBXVariantGroup section */
		FAC5C40021F261F500B3534F /* Main.storyboard */ = {
			isa = PBXVariantGroup;
			children = (
				FAC5C40121F261F500B3534F /* Base */,
			);
			name = Main.storyboard;
			sourceTree = "<group>";
		};
		FAC5C40521F261F600B3534F /* LaunchScreen.storyboard */ = {
			isa = PBXVariantGroup;
			children = (
				FAC5C40621F261F600B3534F /* Base */,
			);
			name = LaunchScreen.storyboard;
			sourceTree = "<group>";
		};
/* End PBXVariantGroup section */

/* Begin XCBuildConfiguration section */
		FAC5C40921F261F600B3534F /* Debug */ = {
			isa = XCBuildConfiguration;
			buildSettings = {
				ALWAYS_SEARCH_USER_PATHS = NO;
				CLANG_ANALYZER_NONNULL = YES;
				CLANG_ANALYZER_NUMBER_OBJECT_CONVERSION = YES_AGGRESSIVE;
				CLANG_CXX_LANGUAGE_STANDARD = "gnu++14";
				CLANG_CXX_LIBRARY = "libc++";
				CLANG_ENABLE_MODULES = YES;
				CLANG_ENABLE_OBJC_ARC = YES;
				CLANG_ENABLE_OBJC_WEAK = YES;
				CLANG_WARN_BLOCK_CAPTURE_AUTORELEASING = YES;
				CLANG_WARN_BOOL_CONVERSION = YES;
				CLANG_WARN_COMMA = YES;
				CLANG_WARN_CONSTANT_CONVERSION = YES;
				CLANG_WARN_DEPRECATED_OBJC_IMPLEMENTATIONS = YES;
				CLANG_WARN_DIRECT_OBJC_ISA_USAGE = YES_ERROR;
				CLANG_WARN_DOCUMENTATION_COMMENTS = YES;
				CLANG_WARN_EMPTY_BODY = YES;
				CLANG_WARN_ENUM_CONVERSION = YES;
				CLANG_WARN_INFINITE_RECURSION = YES;
				CLANG_WARN_INT_CONVERSION = YES;
				CLANG_WARN_NON_LITERAL_NULL_CONVERSION = YES;
				CLANG_WARN_OBJC_IMPLICIT_RETAIN_SELF = YES;
				CLANG_WARN_OBJC_LITERAL_CONVERSION = YES;
				CLANG_WARN_OBJC_ROOT_CLASS = YES_ERROR;
				CLANG_WARN_RANGE_LOOP_ANALYSIS = YES;
				CLANG_WARN_STRICT_PROTOTYPES = YES;
				CLANG_WARN_SUSPICIOUS_MOVE = YES;
				CLANG_WARN_UNGUARDED_AVAILABILITY = YES_AGGRESSIVE;
				CLANG_WARN_UNREACHABLE_CODE = YES;
				CLANG_WARN__DUPLICATE_METHOD_MATCH = YES;
				CODE_SIGN_IDENTITY = "iPhone Developer";
				COPY_PHASE_STRIP = NO;
				DEBUG_INFORMATION_FORMAT = dwarf;
				ENABLE_STRICT_OBJC_MSGSEND = YES;
				ENABLE_TESTABILITY = YES;
				GCC_C_LANGUAGE_STANDARD = gnu11;
				GCC_DYNAMIC_NO_PIC = NO;
				GCC_NO_COMMON_BLOCKS = YES;
				GCC_OPTIMIZATION_LEVEL = 0;
				GCC_PREPROCESSOR_DEFINITIONS = (
					"DEBUG=1",
					"$(inherited)",
				);
				GCC_WARN_64_TO_32_BIT_CONVERSION = YES;
				GCC_WARN_ABOUT_RETURN_TYPE = YES_ERROR;
				GCC_WARN_UNDECLARED_SELECTOR = YES;
				GCC_WARN_UNINITIALIZED_AUTOS = YES_AGGRESSIVE;
				GCC_WARN_UNUSED_FUNCTION = YES;
				GCC_WARN_UNUSED_VARIABLE = YES;
				IPHONEOS_DEPLOYMENT_TARGET = 12.1;
				MTL_ENABLE_DEBUG_INFO = INCLUDE_SOURCE;
				MTL_FAST_MATH = YES;
				ONLY_ACTIVE_ARCH = YES;
				SDKROOT = iphoneos;
				SWIFT_ACTIVE_COMPILATION_CONDITIONS = DEBUG;
				SWIFT_OPTIMIZATION_LEVEL = "-Onone";
			};
			name = Debug;
		};
		FAC5C40A21F261F600B3534F /* Release */ = {
			isa = XCBuildConfiguration;
			buildSettings = {
				ALWAYS_SEARCH_USER_PATHS = NO;
				CLANG_ANALYZER_NONNULL = YES;
				CLANG_ANALYZER_NUMBER_OBJECT_CONVERSION = YES_AGGRESSIVE;
				CLANG_CXX_LANGUAGE_STANDARD = "gnu++14";
				CLANG_CXX_LIBRARY = "libc++";
				CLANG_ENABLE_MODULES = YES;
				CLANG_ENABLE_OBJC_ARC = YES;
				CLANG_ENABLE_OBJC_WEAK = YES;
				CLANG_WARN_BLOCK_CAPTURE_AUTORELEASING = YES;
				CLANG_WARN_BOOL_CONVERSION = YES;
				CLANG_WARN_COMMA = YES;
				CLANG_WARN_CONSTANT_CONVERSION = YES;
				CLANG_WARN_DEPRECATED_OBJC_IMPLEMENTATIONS = YES;
				CLANG_WARN_DIRECT_OBJC_ISA_USAGE = YES_ERROR;
				CLANG_WARN_DOCUMENTATION_COMMENTS = YES;
				CLANG_WARN_EMPTY_BODY = YES;
				CLANG_WARN_ENUM_CONVERSION = YES;
				CLANG_WARN_INFINITE_RECURSION = YES;
				CLANG_WARN_INT_CONVERSION = YES;
				CLANG_WARN_NON_LITERAL_NULL_CONVERSION = YES;
				CLANG_WARN_OBJC_IMPLICIT_RETAIN_SELF = YES;
				CLANG_WARN_OBJC_LITERAL_CONVERSION = YES;
				CLANG_WARN_OBJC_ROOT_CLASS = YES_ERROR;
				CLANG_WARN_RANGE_LOOP_ANALYSIS = YES;
				CLANG_WARN_STRICT_PROTOTYPES = YES;
				CLANG_WARN_SUSPICIOUS_MOVE = YES;
				CLANG_WARN_UNGUARDED_AVAILABILITY = YES_AGGRESSIVE;
				CLANG_WARN_UNREACHABLE_CODE = YES;
				CLANG_WARN__DUPLICATE_METHOD_MATCH = YES;
				CODE_SIGN_IDENTITY = "iPhone Developer";
				COPY_PHASE_STRIP = NO;
				DEBUG_INFORMATION_FORMAT = "dwarf-with-dsym";
				ENABLE_NS_ASSERTIONS = NO;
				ENABLE_STRICT_OBJC_MSGSEND = YES;
				GCC_C_LANGUAGE_STANDARD = gnu11;
				GCC_NO_COMMON_BLOCKS = YES;
				GCC_WARN_64_TO_32_BIT_CONVERSION = YES;
				GCC_WARN_ABOUT_RETURN_TYPE = YES_ERROR;
				GCC_WARN_UNDECLARED_SELECTOR = YES;
				GCC_WARN_UNINITIALIZED_AUTOS = YES_AGGRESSIVE;
				GCC_WARN_UNUSED_FUNCTION = YES;
				GCC_WARN_UNUSED_VARIABLE = YES;
				IPHONEOS_DEPLOYMENT_TARGET = 12.1;
				MTL_ENABLE_DEBUG_INFO = NO;
				MTL_FAST_MATH = YES;
				SDKROOT = iphoneos;
				SWIFT_COMPILATION_MODE = wholemodule;
				SWIFT_OPTIMIZATION_LEVEL = "-O";
				VALIDATE_PRODUCT = YES;
			};
			name = Release;
		};
		FAC5C40C21F261F600B3534F /* Debug */ = {
			isa = XCBuildConfiguration;
			buildSettings = {
				ASSETCATALOG_COMPILER_APPICON_NAME = AppIcon;
				CODE_SIGN_STYLE = Automatic;
				DEVELOPMENT_TEAM = J476WJQ465;
				INFOPLIST_FILE = MyFirstARapp/Info.plist;
				LD_RUNPATH_SEARCH_PATHS = (
					"$(inherited)",
					"@executable_path/Frameworks",
				);
				PRODUCT_BUNDLE_IDENTIFIER = com.shr.MyFirstARapp;
				PRODUCT_NAME = "$(TARGET_NAME)";
				SWIFT_VERSION = 4.2;
				TARGETED_DEVICE_FAMILY = "1,2";
			};
			name = Debug;
		};
		FAC5C40D21F261F600B3534F /* Release */ = {
			isa = XCBuildConfiguration;
			buildSettings = {
				ASSETCATALOG_COMPILER_APPICON_NAME = AppIcon;
				CODE_SIGN_STYLE = Automatic;
				DEVELOPMENT_TEAM = J476WJQ465;
				INFOPLIST_FILE = MyFirstARapp/Info.plist;
				LD_RUNPATH_SEARCH_PATHS = (
					"$(inherited)",
					"@executable_path/Frameworks",
				);
				PRODUCT_BUNDLE_IDENTIFIER = com.shr.MyFirstARapp;
				PRODUCT_NAME = "$(TARGET_NAME)";
				SWIFT_VERSION = 4.2;
				TARGETED_DEVICE_FAMILY = "1,2";
			};
			name = Release;
		};
/* End XCBuildConfiguration section */

/* Begin XCConfigurationList section */
		FAC5C3F421F261F500B3534F /* Build configuration list for PBXProject "MyFirstARapp" */ = {
			isa = XCConfigurationList;
			buildConfigurations = (
				FAC5C40921F261F600B3534F /* Debug */,
				FAC5C40A21F261F600B3534F /* Release */,
			);
			defaultConfigurationIsVisible = 0;
			defaultConfigurationName = Release;
		};
		FAC5C40B21F261F600B3534F /* Build configuration list for PBXNativeTarget "MyFirstARapp" */ = {
			isa = XCConfigurationList;
			buildConfigurations = (
				FAC5C40C21F261F600B3534F /* Debug */,
				FAC5C40D21F261F600B3534F /* Release */,
			);
			defaultConfigurationIsVisible = 0;
			defaultConfigurationName = Release;
		};
/* End XCConfigurationList section */
	};
	rootObject = FAC5C3F121F261F500B3534F /* Project object */;
}
